
Microsoft Visual Studio Solution File, Format Version 12.00
# Visual Studio Version 16
VisualStudioVersion = 16.0.32802.440
MinimumVisualStudioVersion = 10.0.40219.1
Project("{FAE04EC0-301F-11D3-BF4B-00C04F79EFBC}") = "visual_lab_3", "visual_lab_3\visual_lab_3.csproj", "{66F4AF86-FEC1-4336-9875-C1BD197F48E8}"
EndProject
Global
	GlobalSection(SolutionConfigurationPlatforms) = preSolution
		Debug|Any CPU = Debug|Any CPU
		Release|Any CPU = Release|Any CPU
	EndGlobalSection
	GlobalSection(ProjectConfigurationPlatforms) = postSolution
		{66F4AF86-FEC1-4336-9875-C1BD197F48E8}.Debug|Any CPU.ActiveCfg = Debug|Any CPU
		{66F4AF86-FEC1-4336-9875-C1BD197F48E8}.Debug|Any CPU.Build.0 = Debug|Any CPU
		{66F4AF86-FEC1-4336-9875-C1BD197F48E8}.Release|Any CPU.ActiveCfg = Release|Any CPU
		{66F4AF86-FEC1-4336-9875-C1BD197F48E8}.Release|Any CPU.Build.0 = Release|Any CPU
	EndGlobalSection
	GlobalSection(SolutionProperties) = preSolution
		HideSolutionNode = FALSE
	EndGlobalSection
	GlobalSection(ExtensibilityGlobals) = postSolution
		SolutionGuid = {45321F54-7996-4C06-A46C-FF6823A812DB}
	EndGlobalSection
EndGlobal
